
Microsoft Visual Studio Solution File, Format Version 12.00
# Visual Studio 15
VisualStudioVersion = 15.0.28307.102
MinimumVisualStudioVersion = 10.0.40219.1
Project("{8BC9CEB8-8B4A-11D0-8D11-00A0C91BC942}") = "23.05.2019_Lesson_Exceptions", "23.05.2019_Lesson_Exceptions\23.05.2019_Lesson_Exceptions.vcxproj", "{AFB8F9DE-3ACD-4BF6-8D30-3142B3B7D91A}"
EndProject
Global
	GlobalSection(SolutionConfigurationPlatforms) = preSolution
		Debug|x64 = Debug|x64
		Debug|x86 = Debug|x86
		Release|x64 = Release|x64
		Release|x86 = Release|x86
	EndGlobalSection
	GlobalSection(ProjectConfigurationPlatforms) = postSolution
		{AFB8F9DE-3ACD-4BF6-8D30-3142B3B7D91A}.Debug|x64.ActiveCfg = Debug|x64
		{AFB8F9DE-3ACD-4BF6-8D30-3142B3B7D91A}.Debug|x64.Build.0 = Debug|x64
		{AFB8F9DE-3ACD-4BF6-8D30-3142B3B7D91A}.Debug|x86.ActiveCfg = Debug|Win32
		{AFB8F9DE-3ACD-4BF6-8D30-3142B3B7D91A}.Debug|x86.Build.0 = Debug|Win32
		{AFB8F9DE-3ACD-4BF6-8D30-3142B3B7D91A}.Release|x64.ActiveCfg = Release|x64
		{AFB8F9DE-3ACD-4BF6-8D30-3142B3B7D91A}.Release|x64.Build.0 = Release|x64
		{AFB8F9DE-3ACD-4BF6-8D30-3142B3B7D91A}.Release|x86.ActiveCfg = Release|Win32
		{AFB8F9DE-3ACD-4BF6-8D30-3142B3B7D91A}.Release|x86.Build.0 = Release|Win32
	EndGlobalSection
	GlobalSection(SolutionProperties) = preSolution
		HideSolutionNode = FALSE
	EndGlobalSection
	GlobalSection(ExtensibilityGlobals) = postSolution
		SolutionGuid = {BD353F3E-31A1-48A9-A100-D63687B7C05F}
	EndGlobalSection
EndGlobal
